
Microsoft Visual Studio Solution File, Format Version 12.00
# Visual Studio Version 16
VisualStudioVersion = 16.0.28803.352
MinimumVisualStudioVersion = 10.0.40219.1
Project("{8BC9CEB8-8B4A-11D0-8D11-00A0C91BC942}") = "unleaned_class_aoki", "unleaned_class_aoki\unleaned_class_aoki.vcxproj", "{6ACBE977-EA3F-4D06-910C-E539BB0EE15E}"
EndProject
Project("{8BC9CEB8-8B4A-11D0-8D11-00A0C91BC942}") = "test", "test\test.vcxproj", "{C6DC4806-784F-46E9-85A6-7B44F065AAC4}"
EndProject
Global
	GlobalSection(SolutionConfigurationPlatforms) = preSolution
		Debug|x64 = Debug|x64
		Debug|x86 = Debug|x86
		Release|x64 = Release|x64
		Release|x86 = Release|x86
	EndGlobalSection
	GlobalSection(ProjectConfigurationPlatforms) = postSolution
		{6ACBE977-EA3F-4D06-910C-E539BB0EE15E}.Debug|x64.ActiveCfg = Debug|x64
		{6ACBE977-EA3F-4D06-910C-E539BB0EE15E}.Debug|x64.Build.0 = Debug|x64
		{6ACBE977-EA3F-4D06-910C-E539BB0EE15E}.Debug|x86.ActiveCfg = Debug|Win32
		{6ACBE977-EA3F-4D06-910C-E539BB0EE15E}.Debug|x86.Build.0 = Debug|Win32
		{6ACBE977-EA3F-4D06-910C-E539BB0EE15E}.Release|x64.ActiveCfg = Release|x64
		{6ACBE977-EA3F-4D06-910C-E539BB0EE15E}.Release|x64.Build.0 = Release|x64
		{6ACBE977-EA3F-4D06-910C-E539BB0EE15E}.Release|x86.ActiveCfg = Release|Win32
		{6ACBE977-EA3F-4D06-910C-E539BB0EE15E}.Release|x86.Build.0 = Release|Win32
		{C6DC4806-784F-46E9-85A6-7B44F065AAC4}.Debug|x64.ActiveCfg = Debug|x64
		{C6DC4806-784F-46E9-85A6-7B44F065AAC4}.Debug|x64.Build.0 = Debug|x64
		{C6DC4806-784F-46E9-85A6-7B44F065AAC4}.Debug|x86.ActiveCfg = Debug|Win32
		{C6DC4806-784F-46E9-85A6-7B44F065AAC4}.Debug|x86.Build.0 = Debug|Win32
		{C6DC4806-784F-46E9-85A6-7B44F065AAC4}.Release|x64.ActiveCfg = Release|x64
		{C6DC4806-784F-46E9-85A6-7B44F065AAC4}.Release|x64.Build.0 = Release|x64
		{C6DC4806-784F-46E9-85A6-7B44F065AAC4}.Release|x86.ActiveCfg = Release|Win32
		{C6DC4806-784F-46E9-85A6-7B44F065AAC4}.Release|x86.Build.0 = Release|Win32
	EndGlobalSection
	GlobalSection(SolutionProperties) = preSolution
		HideSolutionNode = FALSE
	EndGlobalSection
	GlobalSection(ExtensibilityGlobals) = postSolution
		SolutionGuid = {1678952E-9B84-40BE-88C9-AEFB2800E5E0}
	EndGlobalSection
EndGlobal
